
Microsoft Visual Studio Solution File, Format Version 12.00
# Visual Studio for Mac
Project("{FAE04EC0-301F-11D3-BF4B-00C04F79EFBC}") = "Assembly-CSharp", "Assembly-CSharp.csproj", "{6DA0BEF2-F02E-113E-1B3F-7565562AF589}"
EndProject
Project("{FAE04EC0-301F-11D3-BF4B-00C04F79EFBC}") = "Assembly-CSharp-firstpass", "Assembly-CSharp-firstpass.csproj", "{BF97210D-A784-C241-DEBE-ECC14757F80B}"
EndProject
Global
	GlobalSection(SolutionConfigurationPlatforms) = preSolution
		Debug|Any CPU = Debug|Any CPU
		Release|Any CPU = Release|Any CPU
	EndGlobalSection
	GlobalSection(ProjectConfigurationPlatforms) = postSolution
		{6DA0BEF2-F02E-113E-1B3F-7565562AF589}.Debug|Any CPU.ActiveCfg = Debug|Any CPU
		{6DA0BEF2-F02E-113E-1B3F-7565562AF589}.Debug|Any CPU.Build.0 = Debug|Any CPU
		{6DA0BEF2-F02E-113E-1B3F-7565562AF589}.Release|Any CPU.ActiveCfg = Release|Any CPU
		{6DA0BEF2-F02E-113E-1B3F-7565562AF589}.Release|Any CPU.Build.0 = Release|Any CPU
		{BF97210D-A784-C241-DEBE-ECC14757F80B}.Debug|Any CPU.ActiveCfg = Debug|Any CPU
		{BF97210D-A784-C241-DEBE-ECC14757F80B}.Debug|Any CPU.Build.0 = Debug|Any CPU
		{BF97210D-A784-C241-DEBE-ECC14757F80B}.Release|Any CPU.ActiveCfg = Release|Any CPU
		{BF97210D-A784-C241-DEBE-ECC14757F80B}.Release|Any CPU.Build.0 = Release|Any CPU
	EndGlobalSection
	GlobalSection(SolutionProperties) = preSolution
		HideSolutionNode = FALSE
	EndGlobalSection
EndGlobal
